
Microsoft Visual Studio Solution File, Format Version 12.00
Project("{FAE04EC0-301F-11D3-BF4B-00C04F79EFBC}") = "CriptoBank", "src\CriptoBank\CriptoBank.csproj", "{CE8E6DAC-D610-4188-87B2-FE30CF79519C}"
EndProject
Project("{2150E333-8FDC-42A3-9474-1A3956D46DE8}") = "src", "src", "{709F9496-E641-4591-B017-835202A20C95}"
EndProject
Project("{FAE04EC0-301F-11D3-BF4B-00C04F79EFBC}") = "CryptoBank.WebAPI", "src\CryptoBank.WebAPI\CryptoBank.WebAPI.csproj", "{E933233D-B2DB-4C6E-BE5E-3662094EA3CA}"
EndProject
Project("{2150E333-8FDC-42A3-9474-1A3956D46DE8}") = "Hosting", "Hosting", "{6CC6518D-6AB0-4A5D-B1BB-142DE22390BB}"
EndProject
Project("{FAE04EC0-301F-11D3-BF4B-00C04F79EFBC}") = "NoHosting", "src\NoHosting\NoHosting.csproj", "{D47271EC-EA17-4A2B-AE5A-667E07D114F5}"
EndProject
Project("{FAE04EC0-301F-11D3-BF4B-00C04F79EFBC}") = "Hosting.Domain", "src\Hosting.Domain\Hosting.Domain.csproj", "{ED712556-4556-4F4B-B882-CC7C0783B791}"
EndProject
Project("{FAE04EC0-301F-11D3-BF4B-00C04F79EFBC}") = "Hosting.Services", "src\Hosting.Services\Hosting.Services.csproj", "{394B5FA8-BE69-4665-A6F2-FC36C0A4A936}"
EndProject
Project("{FAE04EC0-301F-11D3-BF4B-00C04F79EFBC}") = "Hosting.Services.DI", "src\Hosting.Services.DI\Hosting.Services.DI.csproj", "{808D3201-9CC5-4B6D-848E-54FD07023503}"
EndProject
Project("{FAE04EC0-301F-11D3-BF4B-00C04F79EFBC}") = "NoHosting.DI", "src\NoHosting.DI\NoHosting.DI.csproj", "{66C645E2-EFAB-4676-8515-D97AAAD4EFD5}"
EndProject
Global
	GlobalSection(SolutionConfigurationPlatforms) = preSolution
		Debug|Any CPU = Debug|Any CPU
		Release|Any CPU = Release|Any CPU
	EndGlobalSection
	GlobalSection(ProjectConfigurationPlatforms) = postSolution
		{CE8E6DAC-D610-4188-87B2-FE30CF79519C}.Debug|Any CPU.ActiveCfg = Debug|Any CPU
		{CE8E6DAC-D610-4188-87B2-FE30CF79519C}.Debug|Any CPU.Build.0 = Debug|Any CPU
		{CE8E6DAC-D610-4188-87B2-FE30CF79519C}.Release|Any CPU.ActiveCfg = Release|Any CPU
		{CE8E6DAC-D610-4188-87B2-FE30CF79519C}.Release|Any CPU.Build.0 = Release|Any CPU
		{E933233D-B2DB-4C6E-BE5E-3662094EA3CA}.Debug|Any CPU.ActiveCfg = Debug|Any CPU
		{E933233D-B2DB-4C6E-BE5E-3662094EA3CA}.Debug|Any CPU.Build.0 = Debug|Any CPU
		{E933233D-B2DB-4C6E-BE5E-3662094EA3CA}.Release|Any CPU.ActiveCfg = Release|Any CPU
		{E933233D-B2DB-4C6E-BE5E-3662094EA3CA}.Release|Any CPU.Build.0 = Release|Any CPU
		{D47271EC-EA17-4A2B-AE5A-667E07D114F5}.Debug|Any CPU.ActiveCfg = Debug|Any CPU
		{D47271EC-EA17-4A2B-AE5A-667E07D114F5}.Debug|Any CPU.Build.0 = Debug|Any CPU
		{D47271EC-EA17-4A2B-AE5A-667E07D114F5}.Release|Any CPU.ActiveCfg = Release|Any CPU
		{D47271EC-EA17-4A2B-AE5A-667E07D114F5}.Release|Any CPU.Build.0 = Release|Any CPU
		{ED712556-4556-4F4B-B882-CC7C0783B791}.Debug|Any CPU.ActiveCfg = Debug|Any CPU
		{ED712556-4556-4F4B-B882-CC7C0783B791}.Debug|Any CPU.Build.0 = Debug|Any CPU
		{ED712556-4556-4F4B-B882-CC7C0783B791}.Release|Any CPU.ActiveCfg = Release|Any CPU
		{ED712556-4556-4F4B-B882-CC7C0783B791}.Release|Any CPU.Build.0 = Release|Any CPU
		{394B5FA8-BE69-4665-A6F2-FC36C0A4A936}.Debug|Any CPU.ActiveCfg = Debug|Any CPU
		{394B5FA8-BE69-4665-A6F2-FC36C0A4A936}.Debug|Any CPU.Build.0 = Debug|Any CPU
		{394B5FA8-BE69-4665-A6F2-FC36C0A4A936}.Release|Any CPU.ActiveCfg = Release|Any CPU
		{394B5FA8-BE69-4665-A6F2-FC36C0A4A936}.Release|Any CPU.Build.0 = Release|Any CPU
		{808D3201-9CC5-4B6D-848E-54FD07023503}.Debug|Any CPU.ActiveCfg = Debug|Any CPU
		{808D3201-9CC5-4B6D-848E-54FD07023503}.Debug|Any CPU.Build.0 = Debug|Any CPU
		{808D3201-9CC5-4B6D-848E-54FD07023503}.Release|Any CPU.ActiveCfg = Release|Any CPU
		{808D3201-9CC5-4B6D-848E-54FD07023503}.Release|Any CPU.Build.0 = Release|Any CPU
		{66C645E2-EFAB-4676-8515-D97AAAD4EFD5}.Debug|Any CPU.ActiveCfg = Debug|Any CPU
		{66C645E2-EFAB-4676-8515-D97AAAD4EFD5}.Debug|Any CPU.Build.0 = Debug|Any CPU
		{66C645E2-EFAB-4676-8515-D97AAAD4EFD5}.Release|Any CPU.ActiveCfg = Release|Any CPU
		{66C645E2-EFAB-4676-8515-D97AAAD4EFD5}.Release|Any CPU.Build.0 = Release|Any CPU
	EndGlobalSection
	GlobalSection(NestedProjects) = preSolution
		{E933233D-B2DB-4C6E-BE5E-3662094EA3CA} = {709F9496-E641-4591-B017-835202A20C95}
		{CE8E6DAC-D610-4188-87B2-FE30CF79519C} = {709F9496-E641-4591-B017-835202A20C95}
		{6CC6518D-6AB0-4A5D-B1BB-142DE22390BB} = {709F9496-E641-4591-B017-835202A20C95}
		{D47271EC-EA17-4A2B-AE5A-667E07D114F5} = {6CC6518D-6AB0-4A5D-B1BB-142DE22390BB}
		{ED712556-4556-4F4B-B882-CC7C0783B791} = {6CC6518D-6AB0-4A5D-B1BB-142DE22390BB}
		{394B5FA8-BE69-4665-A6F2-FC36C0A4A936} = {6CC6518D-6AB0-4A5D-B1BB-142DE22390BB}
		{808D3201-9CC5-4B6D-848E-54FD07023503} = {6CC6518D-6AB0-4A5D-B1BB-142DE22390BB}
		{66C645E2-EFAB-4676-8515-D97AAAD4EFD5} = {6CC6518D-6AB0-4A5D-B1BB-142DE22390BB}
	EndGlobalSection
EndGlobal
